
Microsoft Visual Studio Solution File, Format Version 12.00
# Visual Studio 15
VisualStudioVersion = 15.0.28010.2026
MinimumVisualStudioVersion = 10.0.40219.1
Project("{FAE04EC0-301F-11D3-BF4B-00C04F79EFBC}") = "Cw_00", "Cw_00\Cw_00.csproj", "{9B67D696-F31C-43CB-BB9D-85582EADC3B1}"
EndProject
Global
	GlobalSection(SolutionConfigurationPlatforms) = preSolution
		Debug|Any CPU = Debug|Any CPU
		Release|Any CPU = Release|Any CPU
	EndGlobalSection
	GlobalSection(ProjectConfigurationPlatforms) = postSolution
		{9B67D696-F31C-43CB-BB9D-85582EADC3B1}.Debug|Any CPU.ActiveCfg = Debug|Any CPU
		{9B67D696-F31C-43CB-BB9D-85582EADC3B1}.Debug|Any CPU.Build.0 = Debug|Any CPU
		{9B67D696-F31C-43CB-BB9D-85582EADC3B1}.Release|Any CPU.ActiveCfg = Release|Any CPU
		{9B67D696-F31C-43CB-BB9D-85582EADC3B1}.Release|Any CPU.Build.0 = Release|Any CPU
	EndGlobalSection
	GlobalSection(SolutionProperties) = preSolution
		HideSolutionNode = FALSE
	EndGlobalSection
	GlobalSection(ExtensibilityGlobals) = postSolution
		SolutionGuid = {B7209542-D00E-4CB2-82A1-D52018FD55AE}
	EndGlobalSection
EndGlobal
